// !$*UTF8*$!
{
	archiveVersion = 1;
	classes = {
	};
	objectVersion = 46;
	objects = {

/* Begin PBXBuildFile section */
		137D17A311521C007B7A509D /* README.md in Resources */ = {isa = PBXBuildFile; fileRef = 137D1BFEA6BF570242813A37 /* README.md */; };
		7C4211861A7E45DE0036D4AA /* YandexFoldersDownloader.m in Sources */ = {isa = PBXBuildFile; fileRef = 7C4211851A7E45DE0036D4AA /* YandexFoldersDownloader.m */; };
		7C42118C1A7ECBA90036D4AA /* Downloader.m in Sources */ = {isa = PBXBuildFile; fileRef = 7C42118B1A7ECBA90036D4AA /* Downloader.m */; };
		7C71D2D61A80FBC800271A0E /* PreviewCollectionViewController.m in Sources */ = {isa = PBXBuildFile; fileRef = 7C71D2D51A80FBC800271A0E /* PreviewCollectionViewController.m */; };
		7C71D2D91A811CE100271A0E /* PhotoCell.m in Sources */ = {isa = PBXBuildFile; fileRef = 7C71D2D81A811CE100271A0E /* PhotoCell.m */; };
		7C95331C1A7D94520079F8D5 /* WebViewController.m in Sources */ = {isa = PBXBuildFile; fileRef = 7C95331B1A7D94520079F8D5 /* WebViewController.m */; };
		7C9533201A7D9BD50079F8D5 /* ShowPhotosViewController.m in Sources */ = {isa = PBXBuildFile; fileRef = 7C95331F1A7D9BD50079F8D5 /* ShowPhotosViewController.m */; };
		7CE146C51A3F506C00FD08A1 /* main.m in Sources */ = {isa = PBXBuildFile; fileRef = 7CE146C41A3F506C00FD08A1 /* main.m */; };
		7CE146C81A3F506C00FD08A1 /* AppDelegate.m in Sources */ = {isa = PBXBuildFile; fileRef = 7CE146C71A3F506C00FD08A1 /* AppDelegate.m */; };
		7CE146CE1A3F506C00FD08A1 /* Main.storyboard in Resources */ = {isa = PBXBuildFile; fileRef = 7CE146CC1A3F506C00FD08A1 /* Main.storyboard */; };
		7CE146D31A3F506C00FD08A1 /* LaunchScreen.xib in Resources */ = {isa = PBXBuildFile; fileRef = 7CE146D11A3F506C00FD08A1 /* LaunchScreen.xib */; };
		7CE146DF1A3F506C00FD08A1 /* PhotoFrameTests.m in Sources */ = {isa = PBXBuildFile; fileRef = 7CE146DE1A3F506C00FD08A1 /* PhotoFrameTests.m */; };
		7CE66DE01A7F7F4100B7109E /* ListFoldersTableViewController.m in Sources */ = {isa = PBXBuildFile; fileRef = 7CE66DDF1A7F7F4100B7109E /* ListFoldersTableViewController.m */; };
		7CEA3E991A405BCE00D4C0D0 /* YandexPhotosDownloader.m in Sources */ = {isa = PBXBuildFile; fileRef = 7CEA3E981A405BCE00D4C0D0 /* YandexPhotosDownloader.m */; };
/* End PBXBuildFile section */

/* Begin PBXContainerItemProxy section */
		7CE146D91A3F506C00FD08A1 /* PBXContainerItemProxy */ = {
			isa = PBXContainerItemProxy;
			containerPortal = 7CE146B71A3F506C00FD08A1 /* Project object */;
			proxyType = 1;
			remoteGlobalIDString = 7CE146BE1A3F506C00FD08A1;
			remoteInfo = PhotoFrame;
		};
/* End PBXContainerItemProxy section */

/* Begin PBXFileReference section */
		137D1BFEA6BF570242813A37 /* README.md */ = {isa = PBXFileReference; lastKnownFileType = file.md; path = README.md; sourceTree = "<group>"; };
		7C4211851A7E45DE0036D4AA /* YandexFoldersDownloader.m */ = {isa = PBXFileReference; fileEncoding = 4; lastKnownFileType = sourcecode.c.objc; path = YandexFoldersDownloader.m; sourceTree = "<group>"; };
		7C4211871A7E45F00036D4AA /* YandexFolderDownloader.h */ = {isa = PBXFileReference; lastKnownFileType = sourcecode.c.h; path = YandexFolderDownloader.h; sourceTree = "<group>"; };
		7C4211881A7E46110036D4AA /* FoldersDownloader.h */ = {isa = PBXFileReference; lastKnownFileType = sourcecode.c.h; path = FoldersDownloader.h; sourceTree = "<group>"; };
		7C42118A1A7EC9EF0036D4AA /* Downloader.h */ = {isa = PBXFileReference; lastKnownFileType = sourcecode.c.h; path = Downloader.h; sourceTree = "<group>"; };
		7C42118B1A7ECBA90036D4AA /* Downloader.m */ = {isa = PBXFileReference; fileEncoding = 4; lastKnownFileType = sourcecode.c.objc; path = Downloader.m; sourceTree = "<group>"; };
		7C71D2D41A80FBC800271A0E /* PreviewCollectionViewController.h */ = {isa = PBXFileReference; fileEncoding = 4; lastKnownFileType = sourcecode.c.h; path = PreviewCollectionViewController.h; sourceTree = "<group>"; };
		7C71D2D51A80FBC800271A0E /* PreviewCollectionViewController.m */ = {isa = PBXFileReference; fileEncoding = 4; lastKnownFileType = sourcecode.c.objc; path = PreviewCollectionViewController.m; sourceTree = "<group>"; };
		7C71D2D71A811CE100271A0E /* PhotoCell.h */ = {isa = PBXFileReference; fileEncoding = 4; lastKnownFileType = sourcecode.c.h; path = PhotoCell.h; sourceTree = "<group>"; };
		7C71D2D81A811CE100271A0E /* PhotoCell.m */ = {isa = PBXFileReference; fileEncoding = 4; lastKnownFileType = sourcecode.c.objc; path = PhotoCell.m; sourceTree = "<group>"; };
		7C95331A1A7D94520079F8D5 /* WebViewController.h */ = {isa = PBXFileReference; fileEncoding = 4; lastKnownFileType = sourcecode.c.h; path = WebViewController.h; sourceTree = "<group>"; };
		7C95331B1A7D94520079F8D5 /* WebViewController.m */ = {isa = PBXFileReference; fileEncoding = 4; lastKnownFileType = sourcecode.c.objc; path = WebViewController.m; sourceTree = "<group>"; };
		7C95331E1A7D9BD50079F8D5 /* ShowPhotosViewController.h */ = {isa = PBXFileReference; fileEncoding = 4; lastKnownFileType = sourcecode.c.h; path = ShowPhotosViewController.h; sourceTree = "<group>"; };
		7C95331F1A7D9BD50079F8D5 /* ShowPhotosViewController.m */ = {isa = PBXFileReference; fileEncoding = 4; lastKnownFileType = sourcecode.c.objc; path = ShowPhotosViewController.m; sourceTree = "<group>"; };
		7CDFDD7E1A4DEF4C008779AD /* PhotosDownloader.h */ = {isa = PBXFileReference; lastKnownFileType = sourcecode.c.h; path = PhotosDownloader.h; sourceTree = "<group>"; };
		7CE146BF1A3F506C00FD08A1 /* PhotoFrame.app */ = {isa = PBXFileReference; explicitFileType = wrapper.application; includeInIndex = 0; path = PhotoFrame.app; sourceTree = BUILT_PRODUCTS_DIR; };
		7CE146C31A3F506C00FD08A1 /* Info.plist */ = {isa = PBXFileReference; lastKnownFileType = text.plist.xml; path = Info.plist; sourceTree = "<group>"; };
		7CE146C41A3F506C00FD08A1 /* main.m */ = {isa = PBXFileReference; lastKnownFileType = sourcecode.c.objc; path = main.m; sourceTree = "<group>"; };
		7CE146C61A3F506C00FD08A1 /* AppDelegate.h */ = {isa = PBXFileReference; lastKnownFileType = sourcecode.c.h; path = AppDelegate.h; sourceTree = "<group>"; };
		7CE146C71A3F506C00FD08A1 /* AppDelegate.m */ = {isa = PBXFileReference; lastKnownFileType = sourcecode.c.objc; path = AppDelegate.m; sourceTree = "<group>"; };
		7CE146CD1A3F506C00FD08A1 /* Base */ = {isa = PBXFileReference; lastKnownFileType = file.storyboard; name = Base; path = Base.lproj/Main.storyboard; sourceTree = "<group>"; };
		7CE146D21A3F506C00FD08A1 /* Base */ = {isa = PBXFileReference; lastKnownFileType = file.xib; name = Base; path = Base.lproj/LaunchScreen.xib; sourceTree = "<group>"; };
		7CE146D81A3F506C00FD08A1 /* PhotoFrameTests.xctest */ = {isa = PBXFileReference; explicitFileType = wrapper.cfbundle; includeInIndex = 0; path = PhotoFrameTests.xctest; sourceTree = BUILT_PRODUCTS_DIR; };
		7CE146DE1A3F506C00FD08A1 /* PhotoFrameTests.m */ = {isa = PBXFileReference; lastKnownFileType = sourcecode.c.objc; path = PhotoFrameTests.m; sourceTree = "<group>"; };
		7CE66DDE1A7F7F4100B7109E /* ListFoldersTableViewController.h */ = {isa = PBXFileReference; fileEncoding = 4; lastKnownFileType = sourcecode.c.h; path = ListFoldersTableViewController.h; sourceTree = "<group>"; };
		7CE66DDF1A7F7F4100B7109E /* ListFoldersTableViewController.m */ = {isa = PBXFileReference; fileEncoding = 4; lastKnownFileType = sourcecode.c.objc; path = ListFoldersTableViewController.m; sourceTree = "<group>"; };
		7CEA3E981A405BCE00D4C0D0 /* YandexPhotosDownloader.m */ = {isa = PBXFileReference; fileEncoding = 4; lastKnownFileType = sourcecode.c.objc; path = YandexPhotosDownloader.m; sourceTree = "<group>"; };
		7CEA3E9A1A405BDF00D4C0D0 /* YandexPhotosDownloader.h */ = {isa = PBXFileReference; lastKnownFileType = sourcecode.c.h; path = YandexPhotosDownloader.h; sourceTree = "<group>"; };
/* End PBXFileReference section */

/* Begin PBXFrameworksBuildPhase section */
		7CE146BC1A3F506C00FD08A1 /* Frameworks */ = {
			isa = PBXFrameworksBuildPhase;
			buildActionMask = 2147483647;
			files = (
			);
			runOnlyForDeploymentPostprocessing = 0;
		};
		7CE146D51A3F506C00FD08A1 /* Frameworks */ = {
			isa = PBXFrameworksBuildPhase;
			buildActionMask = 2147483647;
			files = (
			);
			runOnlyForDeploymentPostprocessing = 0;
		};
/* End PBXFrameworksBuildPhase section */

/* Begin PBXGroup section */
		7C95331D1A7D94E60079F8D5 /* Controllers */ = {
			isa = PBXGroup;
			children = (
				7C95331E1A7D9BD50079F8D5 /* ShowPhotosViewController.h */,
				7C95331F1A7D9BD50079F8D5 /* ShowPhotosViewController.m */,
				7C95331A1A7D94520079F8D5 /* WebViewController.h */,
				7C95331B1A7D94520079F8D5 /* WebViewController.m */,
				7CE66DDE1A7F7F4100B7109E /* ListFoldersTableViewController.h */,
				7CE66DDF1A7F7F4100B7109E /* ListFoldersTableViewController.m */,
				7C71D2D41A80FBC800271A0E /* PreviewCollectionViewController.h */,
				7C71D2D51A80FBC800271A0E /* PreviewCollectionViewController.m */,
			);
			name = Controllers;
			sourceTree = "<group>";
		};
		7CA8F0E01A3F525900A2BC5F /* LoadData */ = {
			isa = PBXGroup;
			children = (
				7C42118A1A7EC9EF0036D4AA /* Downloader.h */,
				7C42118B1A7ECBA90036D4AA /* Downloader.m */,
				7C4211881A7E46110036D4AA /* FoldersDownloader.h */,
				7CDFDD7E1A4DEF4C008779AD /* PhotosDownloader.h */,
				7C4211871A7E45F00036D4AA /* YandexFolderDownloader.h */,
				7C4211851A7E45DE0036D4AA /* YandexFoldersDownloader.m */,
				7CEA3E9A1A405BDF00D4C0D0 /* YandexPhotosDownloader.h */,
				7CEA3E981A405BCE00D4C0D0 /* YandexPhotosDownloader.m */,
			);
			name = LoadData;
			sourceTree = "<group>";
		};
		7CE146B61A3F506C00FD08A1 = {
			isa = PBXGroup;
			children = (
				7CE146C11A3F506C00FD08A1 /* PhotoFrame */,
				7CE146DB1A3F506C00FD08A1 /* PhotoFrameTests */,
				7CE146C01A3F506C00FD08A1 /* Products */,
				137D1BFEA6BF570242813A37 /* README.md */,
			);
			sourceTree = "<group>";
		};
		7CE146C01A3F506C00FD08A1 /* Products */ = {
			isa = PBXGroup;
			children = (
				7CE146BF1A3F506C00FD08A1 /* PhotoFrame.app */,
				7CE146D81A3F506C00FD08A1 /* PhotoFrameTests.xctest */,
			);
			name = Products;
			sourceTree = "<group>";
		};
		7CE146C11A3F506C00FD08A1 /* PhotoFrame */ = {
			isa = PBXGroup;
			children = (
				7CE146C61A3F506C00FD08A1 /* AppDelegate.h */,
				7CE146C71A3F506C00FD08A1 /* AppDelegate.m */,
				7C95331D1A7D94E60079F8D5 /* Controllers */,
				7CE146D11A3F506C00FD08A1 /* LaunchScreen.xib */,
				7CA8F0E01A3F525900A2BC5F /* LoadData */,
				7CE146CC1A3F506C00FD08A1 /* Main.storyboard */,
				7CE146C21A3F506C00FD08A1 /* Supporting Files */,
				7C71D2D71A811CE100271A0E /* PhotoCell.h */,
				7C71D2D81A811CE100271A0E /* PhotoCell.m */,
			);
			path = PhotoFrame;
			sourceTree = "<group>";
		};
		7CE146C21A3F506C00FD08A1 /* Supporting Files */ = {
			isa = PBXGroup;
			children = (
				7CE146C31A3F506C00FD08A1 /* Info.plist */,
				7CE146C41A3F506C00FD08A1 /* main.m */,
			);
			name = "Supporting Files";
			sourceTree = "<group>";
		};
		7CE146DB1A3F506C00FD08A1 /* PhotoFrameTests */ = {
			isa = PBXGroup;
			children = (
				7CE146DE1A3F506C00FD08A1 /* PhotoFrameTests.m */,
			);
			path = PhotoFrameTests;
			sourceTree = "<group>";
		};
/* End PBXGroup section */

/* Begin PBXNativeTarget section */
		7CE146BE1A3F506C00FD08A1 /* PhotoFrame */ = {
			isa = PBXNativeTarget;
			buildConfigurationList = 7CE146E21A3F506C00FD08A1 /* Build configuration list for PBXNativeTarget "PhotoFrame" */;
			buildPhases = (
				7CE146BB1A3F506C00FD08A1 /* Sources */,
				7CE146BC1A3F506C00FD08A1 /* Frameworks */,
				7CE146BD1A3F506C00FD08A1 /* Resources */,
			);
			buildRules = (
			);
			dependencies = (
			);
			name = PhotoFrame;
			productName = PhotoFrame;
			productReference = 7CE146BF1A3F506C00FD08A1 /* PhotoFrame.app */;
			productType = "com.apple.product-type.application";
		};
		7CE146D71A3F506C00FD08A1 /* PhotoFrameTests */ = {
			isa = PBXNativeTarget;
			buildConfigurationList = 7CE146E51A3F506C00FD08A1 /* Build configuration list for PBXNativeTarget "PhotoFrameTests" */;
			buildPhases = (
				7CE146D41A3F506C00FD08A1 /* Sources */,
				7CE146D51A3F506C00FD08A1 /* Frameworks */,
				7CE146D61A3F506C00FD08A1 /* Resources */,
			);
			buildRules = (
			);
			dependencies = (
				7CE146DA1A3F506C00FD08A1 /* PBXTargetDependency */,
			);
			name = PhotoFrameTests;
			productName = PhotoFrameTests;
			productReference = 7CE146D81A3F506C00FD08A1 /* PhotoFrameTests.xctest */;
			productType = "com.apple.product-type.bundle.unit-test";
		};
/* End PBXNativeTarget section */

/* Begin PBXProject section */
		7CE146B71A3F506C00FD08A1 /* Project object */ = {
			isa = PBXProject;
			attributes = {
				LastUpgradeCheck = 0610;
				ORGANIZATIONNAME = "Olga Oskina";
				TargetAttributes = {
					7CE146BE1A3F506C00FD08A1 = {
						CreatedOnToolsVersion = 6.1.1;
					};
					7CE146D71A3F506C00FD08A1 = {
						CreatedOnToolsVersion = 6.1.1;
						TestTargetID = 7CE146BE1A3F506C00FD08A1;
					};
				};
			};
			buildConfigurationList = 7CE146BA1A3F506C00FD08A1 /* Build configuration list for PBXProject "PhotoFrame" */;
			compatibilityVersion = "Xcode 3.2";
			developmentRegion = English;
			hasScannedForEncodings = 0;
			knownRegions = (
				en,
				Base,
			);
			mainGroup = 7CE146B61A3F506C00FD08A1;
			productRefGroup = 7CE146C01A3F506C00FD08A1 /* Products */;
			projectDirPath = "";
			projectRoot = "";
			targets = (
				7CE146BE1A3F506C00FD08A1 /* PhotoFrame */,
				7CE146D71A3F506C00FD08A1 /* PhotoFrameTests */,
			);
		};
/* End PBXProject section */

/* Begin PBXResourcesBuildPhase section */
		7CE146BD1A3F506C00FD08A1 /* Resources */ = {
			isa = PBXResourcesBuildPhase;
			buildActionMask = 2147483647;
			files = (
				7CE146CE1A3F506C00FD08A1 /* Main.storyboard in Resources */,
				7CE146D31A3F506C00FD08A1 /* LaunchScreen.xib in Resources */,
				137D17A311521C007B7A509D /* README.md in Resources */,
			);
			runOnlyForDeploymentPostprocessing = 0;
		};
		7CE146D61A3F506C00FD08A1 /* Resources */ = {
			isa = PBXResourcesBuildPhase;
			buildActionMask = 2147483647;
			files = (
			);
			runOnlyForDeploymentPostprocessing = 0;
		};
/* End PBXResourcesBuildPhase section */

/* Begin PBXSourcesBuildPhase section */
		7CE146BB1A3F506C00FD08A1 /* Sources */ = {
			isa = PBXSourcesBuildPhase;
			buildActionMask = 2147483647;
			files = (
				7CEA3E991A405BCE00D4C0D0 /* YandexPhotosDownloader.m in Sources */,
				7C42118C1A7ECBA90036D4AA /* Downloader.m in Sources */,
				7C71D2D61A80FBC800271A0E /* PreviewCollectionViewController.m in Sources */,
				7C95331C1A7D94520079F8D5 /* WebViewController.m in Sources */,
				7CE66DE01A7F7F4100B7109E /* ListFoldersTableViewController.m in Sources */,
				7C4211861A7E45DE0036D4AA /* YandexFoldersDownloader.m in Sources */,
				7C71D2D91A811CE100271A0E /* PhotoCell.m in Sources */,
				7C9533201A7D9BD50079F8D5 /* ShowPhotosViewController.m in Sources */,
				7CE146C81A3F506C00FD08A1 /* AppDelegate.m in Sources */,
				7CE146C51A3F506C00FD08A1 /* main.m in Sources */,
			);
			runOnlyForDeploymentPostprocessing = 0;
		};
		7CE146D41A3F506C00FD08A1 /* Sources */ = {
			isa = PBXSourcesBuildPhase;
			buildActionMask = 2147483647;
			files = (
				7CE146DF1A3F506C00FD08A1 /* PhotoFrameTests.m in Sources */,
			);
			runOnlyForDeploymentPostprocessing = 0;
		};
/* End PBXSourcesBuildPhase section */

/* Begin PBXTargetDependency section */
		7CE146DA1A3F506C00FD08A1 /* PBXTargetDependency */ = {
			isa = PBXTargetDependency;
			target = 7CE146BE1A3F506C00FD08A1 /* PhotoFrame */;
			targetProxy = 7CE146D91A3F506C00FD08A1 /* PBXContainerItemProxy */;
		};
/* End PBXTargetDependency section */

/* Begin PBXVariantGroup section */
		7CE146CC1A3F506C00FD08A1 /* Main.storyboard */ = {
			isa = PBXVariantGroup;
			children = (
				7CE146CD1A3F506C00FD08A1 /* Base */,
			);
			name = Main.storyboard;
			sourceTree = "<group>";
		};
		7CE146D11A3F506C00FD08A1 /* LaunchScreen.xib */ = {
			isa = PBXVariantGroup;
			children = (
				7CE146D21A3F506C00FD08A1 /* Base */,
			);
			name = LaunchScreen.xib;
			sourceTree = "<group>";
		};
/* End PBXVariantGroup section */

/* Begin XCBuildConfiguration section */
		7CE146E01A3F506C00FD08A1 /* Debug */ = {
			isa = XCBuildConfiguration;
			buildSettings = {
				ALWAYS_SEARCH_USER_PATHS = NO;
				CLANG_CXX_LANGUAGE_STANDARD = "gnu++0x";
				CLANG_CXX_LIBRARY = "libc++";
				CLANG_ENABLE_MODULES = YES;
				CLANG_ENABLE_OBJC_ARC = YES;
				CLANG_WARN_BOOL_CONVERSION = YES;
				CLANG_WARN_CONSTANT_CONVERSION = YES;
				CLANG_WARN_DIRECT_OBJC_ISA_USAGE = YES_ERROR;
				CLANG_WARN_EMPTY_BODY = YES;
				CLANG_WARN_ENUM_CONVERSION = YES;
				CLANG_WARN_INT_CONVERSION = YES;
				CLANG_WARN_OBJC_ROOT_CLASS = YES_ERROR;
				CLANG_WARN_UNREACHABLE_CODE = YES;
				CLANG_WARN__DUPLICATE_METHOD_MATCH = YES;
				"CODE_SIGN_IDENTITY[sdk=iphoneos*]" = "iPhone Developer";
				COPY_PHASE_STRIP = NO;
				ENABLE_STRICT_OBJC_MSGSEND = YES;
				GCC_C_LANGUAGE_STANDARD = gnu99;
				GCC_DYNAMIC_NO_PIC = NO;
				GCC_OPTIMIZATION_LEVEL = 0;
				GCC_PREPROCESSOR_DEFINITIONS = (
					"DEBUG=1",
					"$(inherited)",
				);
				GCC_SYMBOLS_PRIVATE_EXTERN = NO;
				GCC_WARN_64_TO_32_BIT_CONVERSION = YES;
				GCC_WARN_ABOUT_RETURN_TYPE = YES_ERROR;
				GCC_WARN_UNDECLARED_SELECTOR = YES;
				GCC_WARN_UNINITIALIZED_AUTOS = YES_AGGRESSIVE;
				GCC_WARN_UNUSED_FUNCTION = YES;
				GCC_WARN_UNUSED_VARIABLE = YES;
				IPHONEOS_DEPLOYMENT_TARGET = 8.1;
				MTL_ENABLE_DEBUG_INFO = YES;
				ONLY_ACTIVE_ARCH = YES;
				SDKROOT = iphoneos;
			};
			name = Debug;
		};
		7CE146E11A3F506C00FD08A1 /* Release */ = {
			isa = XCBuildConfiguration;
			buildSettings = {
				ALWAYS_SEARCH_USER_PATHS = NO;
				CLANG_CXX_LANGUAGE_STANDARD = "gnu++0x";
				CLANG_CXX_LIBRARY = "libc++";
				CLANG_ENABLE_MODULES = YES;
				CLANG_ENABLE_OBJC_ARC = YES;
				CLANG_WARN_BOOL_CONVERSION = YES;
				CLANG_WARN_CONSTANT_CONVERSION = YES;
				CLANG_WARN_DIRECT_OBJC_ISA_USAGE = YES_ERROR;
				CLANG_WARN_EMPTY_BODY = YES;
				CLANG_WARN_ENUM_CONVERSION = YES;
				CLANG_WARN_INT_CONVERSION = YES;
				CLANG_WARN_OBJC_ROOT_CLASS = YES_ERROR;
				CLANG_WARN_UNREACHABLE_CODE = YES;
				CLANG_WARN__DUPLICATE_METHOD_MATCH = YES;
				"CODE_SIGN_IDENTITY[sdk=iphoneos*]" = "iPhone Developer";
				COPY_PHASE_STRIP = YES;
				ENABLE_NS_ASSERTIONS = NO;
				ENABLE_STRICT_OBJC_MSGSEND = YES;
				GCC_C_LANGUAGE_STANDARD = gnu99;
				GCC_WARN_64_TO_32_BIT_CONVERSION = YES;
				GCC_WARN_ABOUT_RETURN_TYPE = YES_ERROR;
				GCC_WARN_UNDECLARED_SELECTOR = YES;
				GCC_WARN_UNINITIALIZED_AUTOS = YES_AGGRESSIVE;
				GCC_WARN_UNUSED_FUNCTION = YES;
				GCC_WARN_UNUSED_VARIABLE = YES;
				IPHONEOS_DEPLOYMENT_TARGET = 8.1;
				MTL_ENABLE_DEBUG_INFO = NO;
				SDKROOT = iphoneos;
				VALIDATE_PRODUCT = YES;
			};
			name = Release;
		};
		7CE146E31A3F506C00FD08A1 /* Debug */ = {
			isa = XCBuildConfiguration;
			buildSettings = {
				INFOPLIST_FILE = PhotoFrame/Info.plist;
				LD_RUNPATH_SEARCH_PATHS = "$(inherited) @executable_path/Frameworks";
				OTHER_LDFLAGS = "-ObjC";
				PRODUCT_NAME = "$(TARGET_NAME)";
			};
			name = Debug;
		};
		7CE146E41A3F506C00FD08A1 /* Release */ = {
			isa = XCBuildConfiguration;
			buildSettings = {
				INFOPLIST_FILE = PhotoFrame/Info.plist;
				LD_RUNPATH_SEARCH_PATHS = "$(inherited) @executable_path/Frameworks";
				OTHER_LDFLAGS = "-ObjC";
				PRODUCT_NAME = "$(TARGET_NAME)";
			};
			name = Release;
		};
		7CE146E61A3F506C00FD08A1 /* Debug */ = {
			isa = XCBuildConfiguration;
			buildSettings = {
				BUNDLE_LOADER = "$(TEST_HOST)";
				FRAMEWORK_SEARCH_PATHS = (
					"$(SDKROOT)/Developer/Library/Frameworks",
					"$(inherited)",
				);
				GCC_PREPROCESSOR_DEFINITIONS = (
					"DEBUG=1",
					"$(inherited)",
				);
				INFOPLIST_FILE = PhotoFrameTests/Info.plist;
				LD_RUNPATH_SEARCH_PATHS = "$(inherited) @executable_path/Frameworks @loader_path/Frameworks";
				PRODUCT_NAME = "$(TARGET_NAME)";
				TEST_HOST = "$(BUILT_PRODUCTS_DIR)/PhotoFrame.app/PhotoFrame";
			};
			name = Debug;
		};
		7CE146E71A3F506C00FD08A1 /* Release */ = {
			isa = XCBuildConfiguration;
			buildSettings = {
				BUNDLE_LOADER = "$(TEST_HOST)";
				FRAMEWORK_SEARCH_PATHS = (
					"$(SDKROOT)/Developer/Library/Frameworks",
					"$(inherited)",
				);
				INFOPLIST_FILE = PhotoFrameTests/Info.plist;
				LD_RUNPATH_SEARCH_PATHS = "$(inherited) @executable_path/Frameworks @loader_path/Frameworks";
				PRODUCT_NAME = "$(TARGET_NAME)";
				TEST_HOST = "$(BUILT_PRODUCTS_DIR)/PhotoFrame.app/PhotoFrame";
			};
			name = Release;
		};
/* End XCBuildConfiguration section */

/* Begin XCConfigurationList section */
		7CE146BA1A3F506C00FD08A1 /* Build configuration list for PBXProject "PhotoFrame" */ = {
			isa = XCConfigurationList;
			buildConfigurations = (
				7CE146E01A3F506C00FD08A1 /* Debug */,
				7CE146E11A3F506C00FD08A1 /* Release */,
			);
			defaultConfigurationIsVisible = 0;
			defaultConfigurationName = Release;
		};
		7CE146E21A3F506C00FD08A1 /* Build configuration list for PBXNativeTarget "PhotoFrame" */ = {
			isa = XCConfigurationList;
			buildConfigurations = (
				7CE146E31A3F506C00FD08A1 /* Debug */,
				7CE146E41A3F506C00FD08A1 /* Release */,
			);
			defaultConfigurationIsVisible = 0;
			defaultConfigurationName = Release;
		};
		7CE146E51A3F506C00FD08A1 /* Build configuration list for PBXNativeTarget "PhotoFrameTests" */ = {
			isa = XCConfigurationList;
			buildConfigurations = (
				7CE146E61A3F506C00FD08A1 /* Debug */,
				7CE146E71A3F506C00FD08A1 /* Release */,
			);
			defaultConfigurationIsVisible = 0;
			defaultConfigurationName = Release;
		};
/* End XCConfigurationList section */
	};
	rootObject = 7CE146B71A3F506C00FD08A1 /* Project object */;
}
